
Microsoft Visual Studio Solution File, Format Version 12.00
# Visual Studio Version 17
VisualStudioVersion = 17.4.33213.308
MinimumVisualStudioVersion = 10.0.40219.1
Project("{FAE04EC0-301F-11D3-BF4B-00C04F79EFBC}") = "OOP2-Assignment-Classes and Inheritance", "OOP2-Assignment-Classes and Inheritance\OOP2-Assignment-Classes and Inheritance.csproj", "{5E81AFFF-0FE8-4ADF-ACC8-7CC9C74C6BA4}"
EndProject
Global
	GlobalSection(SolutionConfigurationPlatforms) = preSolution
		Debug|Any CPU = Debug|Any CPU
		Release|Any CPU = Release|Any CPU
	EndGlobalSection
	GlobalSection(ProjectConfigurationPlatforms) = postSolution
		{5E81AFFF-0FE8-4ADF-ACC8-7CC9C74C6BA4}.Debug|Any CPU.ActiveCfg = Debug|Any CPU
		{5E81AFFF-0FE8-4ADF-ACC8-7CC9C74C6BA4}.Debug|Any CPU.Build.0 = Debug|Any CPU
		{5E81AFFF-0FE8-4ADF-ACC8-7CC9C74C6BA4}.Release|Any CPU.ActiveCfg = Release|Any CPU
		{5E81AFFF-0FE8-4ADF-ACC8-7CC9C74C6BA4}.Release|Any CPU.Build.0 = Release|Any CPU
	EndGlobalSection
	GlobalSection(SolutionProperties) = preSolution
		HideSolutionNode = FALSE
	EndGlobalSection
	GlobalSection(ExtensibilityGlobals) = postSolution
		SolutionGuid = {5B50370C-1661-465B-8ACE-74BB0E20E02A}
	EndGlobalSection
EndGlobal
